PODS:
  - KeychainAccess (3.2.0)
  - SDWebImage (4.4.7):
    - SDWebImage/Core (= 4.4.7)
  - SDWebImage/Core (4.4.7)

DEPENDENCIES:
  - KeychainAccess
  - SDWebImage (~> 4.0)

SPEC REPOS:
  https://github.com/cocoapods/specs.git:
    - KeychainAccess
    - SDWebImage

SPEC CHECKSUMS:
  KeychainAccess: 3b1bf8a77eb4c6ea1ce9404c292e48f948954c6b
  SDWebImage: c10d14a8883ebd89664f02a422006f66a85c0c5d

PODFILE CHECKSUM: 1485fee19218f396673ebe2865f9565416b44db7

COCOAPODS: 1.7.5
