// !$*UTF8*$!
{
	archiveVersion = 1;
	classes = {
	};
	objectVersion = 52;
	objects = {

/* Begin PBXBuildFile section */
		872748BF22ED81E8005B7678 /* LoginViewController.swift in Sources */ = {isa = PBXBuildFile; fileRef = 872748BE22ED81E8005B7678 /* LoginViewController.swift */; };
		872748C222ED839D005B7678 /* Settings.swift in Sources */ = {isa = PBXBuildFile; fileRef = 872748C122ED839D005B7678 /* Settings.swift */; };
		872748C522ED8551005B7678 /* Storyboarded.swift in Sources */ = {isa = PBXBuildFile; fileRef = 872748C422ED8551005B7678 /* Storyboarded.swift */; };
		872748C722ED89A6005B7678 /* API.swift in Sources */ = {isa = PBXBuildFile; fileRef = 872748C622ED89A6005B7678 /* API.swift */; };
		872748C922ED8B69005B7678 /* Widget.swift in Sources */ = {isa = PBXBuildFile; fileRef = 872748C822ED8B69005B7678 /* Widget.swift */; };
		872748CB22ED8BB8005B7678 /* Extensions.swift in Sources */ = {isa = PBXBuildFile; fileRef = 872748CA22ED8BB8005B7678 /* Extensions.swift */; };
		872748CF22ED8D5B005B7678 /* WidgetCollectionViewCell.swift in Sources */ = {isa = PBXBuildFile; fileRef = 872748CD22ED8D5B005B7678 /* WidgetCollectionViewCell.swift */; };
		872748D022ED8D5B005B7678 /* WidgetCollectionViewCell.xib in Resources */ = {isa = PBXBuildFile; fileRef = 872748CE22ED8D5B005B7678 /* WidgetCollectionViewCell.xib */; };
		872748D422ED8E56005B7678 /* CollectionView+RegisterXib.swift in Sources */ = {isa = PBXBuildFile; fileRef = 872748D322ED8E56005B7678 /* CollectionView+RegisterXib.swift */; };
		872748D622ED93D1005B7678 /* WidgetListViewController.swift in Sources */ = {isa = PBXBuildFile; fileRef = 872748D522ED93D1005B7678 /* WidgetListViewController.swift */; };
		87BB90F022ED81040078EFEB /* AppDelegate.swift in Sources */ = {isa = PBXBuildFile; fileRef = 87BB90EF22ED81040078EFEB /* AppDelegate.swift */; };
		87BB90F522ED81040078EFEB /* Main.storyboard in Resources */ = {isa = PBXBuildFile; fileRef = 87BB90F322ED81040078EFEB /* Main.storyboard */; };
		87BB90F722ED81060078EFEB /* Assets.xcassets in Resources */ = {isa = PBXBuildFile; fileRef = 87BB90F622ED81060078EFEB /* Assets.xcassets */; };
		87BB90FA22ED81060078EFEB /* LaunchScreen.storyboard in Resources */ = {isa = PBXBuildFile; fileRef = 87BB90F822ED81060078EFEB /* LaunchScreen.storyboard */; };
		87D0853622ED9C8000D6A881 /* WidgetDetailViewController.swift in Sources */ = {isa = PBXBuildFile; fileRef = 87D0853522ED9C8000D6A881 /* WidgetDetailViewController.swift */; };
		87D0853822EDA7B900D6A881 /* SampleViewController.swift in Sources */ = {isa = PBXBuildFile; fileRef = 87D0853722EDA7B900D6A881 /* SampleViewController.swift */; };
		87D0853A22EDA9A500D6A881 /* Samples.swift in Sources */ = {isa = PBXBuildFile; fileRef = 87D0853922EDA9A500D6A881 /* Samples.swift */; };
		87D2BBBC235423F20029A9BE /* BuildFile in Frameworks */ = {isa = PBXBuildFile; productRef = 87D2BBBB235423F20029A9BE /* SwiftPackageProductDependency */; };
		87D2BBBF2354240A0029A9BE /* BuildFile in Frameworks */ = {isa = PBXBuildFile; productRef = 87D2BBBE2354240A0029A9BE /* SwiftPackageProductDependency */; };
		87D2BBC1235424140029A9BE /* BuildFile in Frameworks */ = {isa = PBXBuildFile; productRef = 87D2BBC0235424140029A9BE /* SwiftPackageProductDependency */; };
		87D2BBC3235427090029A9BE /* WaypointListViewController.swift in Sources */ = {isa = PBXBuildFile; fileRef = 87D2BBC2235427090029A9BE /* WaypointListViewController.swift */; };
		87D2BBC5235427810029A9BE /* Waypoint.swift in Sources */ = {isa = PBXBuildFile; fileRef = 87D2BBC4235427810029A9BE /* Waypoint.swift */; };
		87F3CF532308F1DC001316AD /* Constants.swift in Sources */ = {isa = PBXBuildFile; fileRef = 87F3CF522308F1DC001316AD /* Constants.swift */; };
		87F3CF5A2308FCAB001316AD /* NotificationCenter.framework in Frameworks */ = {isa = PBXBuildFile; fileRef = 87F3CF592308FCAB001316AD /* NotificationCenter.framework */; };
		87F3CF5D2308FCAB001316AD /* TodayViewController.swift in Sources */ = {isa = PBXBuildFile; fileRef = 87F3CF5C2308FCAB001316AD /* TodayViewController.swift */; };
		87F3CF602308FCAB001316AD /* MainInterface.storyboard in Resources */ = {isa = PBXBuildFile; fileRef = 87F3CF5E2308FCAB001316AD /* MainInterface.storyboard */; };
		87F3CF642308FCAB001316AD /* Pinned.appex in Embed App Extensions */ = {isa = PBXBuildFile; fileRef = 87F3CF582308FCAA001316AD /* Pinned.appex */; settings = {ATTRIBUTES = (RemoveHeadersOnCopy, ); }; };
		87F3CF6B2308FDFD001316AD /* Settings.swift in Sources */ = {isa = PBXBuildFile; fileRef = 872748C122ED839D005B7678 /* Settings.swift */; };
		87F3CF6C2308FF79001316AD /* API.swift in Sources */ = {isa = PBXBuildFile; fileRef = 872748C622ED89A6005B7678 /* API.swift */; };
		87F3CF6D2308FF7F001316AD /* Widget.swift in Sources */ = {isa = PBXBuildFile; fileRef = 872748C822ED8B69005B7678 /* Widget.swift */; };
		87F3CF6E230900D5001316AD /* Extensions.swift in Sources */ = {isa = PBXBuildFile; fileRef = 872748CA22ED8BB8005B7678 /* Extensions.swift */; };
		87F3CF7423091089001316AD /* WidgetTableViewCell.swift in Sources */ = {isa = PBXBuildFile; fileRef = 87F3CF7223091089001316AD /* WidgetTableViewCell.swift */; };
		87F3CF75230912B3001316AD /* Constants.swift in Sources */ = {isa = PBXBuildFile; fileRef = 87F3CF522308F1DC001316AD /* Constants.swift */; };
		C1D990B422EFF2FB00FEEE5A /* OSLog.swift in Sources */ = {isa = PBXBuildFile; fileRef = C1D990B322EFF2FB00FEEE5A /* OSLog.swift */; };
/* End PBXBuildFile section */

/* Begin PBXContainerItemProxy section */
		87F3CF622308FCAB001316AD /* PBXContainerItemProxy */ = {
			isa = PBXContainerItemProxy;
			containerPortal = 87BB90E422ED81030078EFEB /* Project object */;
			proxyType = 1;
			remoteGlobalIDString = 87F3CF572308FCAA001316AD;
			remoteInfo = Pinned;
		};
/* End PBXContainerItemProxy section */

/* Begin PBXCopyFilesBuildPhase section */
		87F3CF682308FCAB001316AD /* Embed App Extensions */ = {
			isa = PBXCopyFilesBuildPhase;
			buildActionMask = 2147483647;
			dstPath = "";
			dstSubfolderSpec = 13;
			files = (
				87F3CF642308FCAB001316AD /* Pinned.appex in Embed App Extensions */,
			);
			name = "Embed App Extensions";
			runOnlyForDeploymentPostprocessing = 0;
		};
/* End PBXCopyFilesBuildPhase section */

/* Begin PBXFileReference section */
		872748BE22ED81E8005B7678 /* LoginViewController.swift */ = {isa = PBXFileReference; lastKnownFileType = sourcecode.swift; path = LoginViewController.swift; sourceTree = "<group>"; };
		872748C122ED839D005B7678 /* Settings.swift */ = {isa = PBXFileReference; lastKnownFileType = sourcecode.swift; path = Settings.swift; sourceTree = "<group>"; };
		872748C422ED8551005B7678 /* Storyboarded.swift */ = {isa = PBXFileReference; lastKnownFileType = sourcecode.swift; path = Storyboarded.swift; sourceTree = "<group>"; };
		872748C622ED89A6005B7678 /* API.swift */ = {isa = PBXFileReference; lastKnownFileType = sourcecode.swift; path = API.swift; sourceTree = "<group>"; };
		872748C822ED8B69005B7678 /* Widget.swift */ = {isa = PBXFileReference; lastKnownFileType = sourcecode.swift; path = Widget.swift; sourceTree = "<group>"; };
		872748CA22ED8BB8005B7678 /* Extensions.swift */ = {isa = PBXFileReference; lastKnownFileType = sourcecode.swift; path = Extensions.swift; sourceTree = "<group>"; };
		872748CD22ED8D5B005B7678 /* WidgetCollectionViewCell.swift */ = {isa = PBXFileReference; lastKnownFileType = sourcecode.swift; path = WidgetCollectionViewCell.swift; sourceTree = "<group>"; };
		872748CE22ED8D5B005B7678 /* WidgetCollectionViewCell.xib */ = {isa = PBXFileReference; lastKnownFileType = file.xib; path = WidgetCollectionViewCell.xib; sourceTree = "<group>"; };
		872748D322ED8E56005B7678 /* CollectionView+RegisterXib.swift */ = {isa = PBXFileReference; lastKnownFileType = sourcecode.swift; path = "CollectionView+RegisterXib.swift"; sourceTree = "<group>"; };
		872748D522ED93D1005B7678 /* WidgetListViewController.swift */ = {isa = PBXFileReference; lastKnownFileType = sourcecode.swift; path = WidgetListViewController.swift; sourceTree = "<group>"; };
		87BB90EC22ED81040078EFEB /* QuickStats.app */ = {isa = PBXFileReference; explicitFileType = wrapper.application; includeInIndex = 0; path = QuickStats.app; sourceTree = BUILT_PRODUCTS_DIR; };
		87BB90EF22ED81040078EFEB /* AppDelegate.swift */ = {isa = PBXFileReference; lastKnownFileType = sourcecode.swift; path = AppDelegate.swift; sourceTree = "<group>"; };
		87BB90F422ED81040078EFEB /* Base */ = {isa = PBXFileReference; lastKnownFileType = file.storyboard; name = Base; path = Base.lproj/Main.storyboard; sourceTree = "<group>"; };
		87BB90F622ED81060078EFEB /* Assets.xcassets */ = {isa = PBXFileReference; lastKnownFileType = folder.assetcatalog; path = Assets.xcassets; sourceTree = "<group>"; };
		87BB90F922ED81060078EFEB /* Base */ = {isa = PBXFileReference; lastKnownFileType = file.storyboard; name = Base; path = Base.lproj/LaunchScreen.storyboard; sourceTree = "<group>"; };
		87BB90FB22ED81060078EFEB /* Info.plist */ = {isa = PBXFileReference; lastKnownFileType = text.plist.xml; path = Info.plist; sourceTree = "<group>"; };
		87D0853522ED9C8000D6A881 /* WidgetDetailViewController.swift */ = {isa = PBXFileReference; lastKnownFileType = sourcecode.swift; path = WidgetDetailViewController.swift; sourceTree = "<group>"; };
		87D0853722EDA7B900D6A881 /* SampleViewController.swift */ = {isa = PBXFileReference; lastKnownFileType = sourcecode.swift; path = SampleViewController.swift; sourceTree = "<group>"; };
		87D0853922EDA9A500D6A881 /* Samples.swift */ = {isa = PBXFileReference; lastKnownFileType = sourcecode.swift; path = Samples.swift; sourceTree = "<group>"; };
		87D2BBC2235427090029A9BE /* WaypointListViewController.swift */ = {isa = PBXFileReference; lastKnownFileType = sourcecode.swift; path = WaypointListViewController.swift; sourceTree = "<group>"; };
		87D2BBC4235427810029A9BE /* Waypoint.swift */ = {isa = PBXFileReference; lastKnownFileType = sourcecode.swift; path = Waypoint.swift; sourceTree = "<group>"; };
		87F3CF522308F1DC001316AD /* Constants.swift */ = {isa = PBXFileReference; lastKnownFileType = sourcecode.swift; path = Constants.swift; sourceTree = "<group>"; };
		87F3CF582308FCAA001316AD /* Pinned.appex */ = {isa = PBXFileReference; explicitFileType = "wrapper.app-extension"; includeInIndex = 0; path = Pinned.appex; sourceTree = BUILT_PRODUCTS_DIR; };
		87F3CF592308FCAB001316AD /* NotificationCenter.framework */ = {isa = PBXFileReference; lastKnownFileType = wrapper.framework; name = NotificationCenter.framework; path = System/Library/Frameworks/NotificationCenter.framework; sourceTree = SDKROOT; };
		87F3CF5C2308FCAB001316AD /* TodayViewController.swift */ = {isa = PBXFileReference; lastKnownFileType = sourcecode.swift; path = TodayViewController.swift; sourceTree = "<group>"; };
		87F3CF5F2308FCAB001316AD /* Base */ = {isa = PBXFileReference; lastKnownFileType = file.storyboard; name = Base; path = Base.lproj/MainInterface.storyboard; sourceTree = "<group>"; };
		87F3CF612308FCAB001316AD /* Info.plist */ = {isa = PBXFileReference; lastKnownFileType = text.plist.xml; path = Info.plist; sourceTree = "<group>"; };
		87F3CF692308FCD8001316AD /* Pinned.entitlements */ = {isa = PBXFileReference; lastKnownFileType = text.plist.entitlements; path = Pinned.entitlements; sourceTree = "<group>"; };
		87F3CF6A2308FCF0001316AD /* QuickStats.entitlements */ = {isa = PBXFileReference; lastKnownFileType = text.plist.entitlements; path = QuickStats.entitlements; sourceTree = "<group>"; };
		87F3CF7223091089001316AD /* WidgetTableViewCell.swift */ = {isa = PBXFileReference; lastKnownFileType = sourcecode.swift; path = WidgetTableViewCell.swift; sourceTree = "<group>"; };
		C1D990B322EFF2FB00FEEE5A /* OSLog.swift */ = {isa = PBXFileReference; lastKnownFileType = sourcecode.swift; path = OSLog.swift; sourceTree = "<group>"; };
/* End PBXFileReference section */

/* Begin PBXFrameworksBuildPhase section */
		87BB90E922ED81030078EFEB /* Frameworks */ = {
			isa = PBXFrameworksBuildPhase;
			buildActionMask = 2147483647;
			files = (
				87D2BBBF2354240A0029A9BE /* BuildFile in Frameworks */,
				87D2BBBC235423F20029A9BE /* BuildFile in Frameworks */,
			);
			runOnlyForDeploymentPostprocessing = 0;
		};
		87F3CF552308FCAA001316AD /* Frameworks */ = {
			isa = PBXFrameworksBuildPhase;
			buildActionMask = 2147483647;
			files = (
				87D2BBC1235424140029A9BE /* BuildFile in Frameworks */,
				87F3CF5A2308FCAB001316AD /* NotificationCenter.framework in Frameworks */,
			);
			runOnlyForDeploymentPostprocessing = 0;
		};
/* End PBXFrameworksBuildPhase section */

/* Begin PBXGroup section */
		872748BD22ED8177005B7678 /* ViewControllers */ = {
			isa = PBXGroup;
			children = (
				872748BE22ED81E8005B7678 /* LoginViewController.swift */,
				87BB90F322ED81040078EFEB /* Main.storyboard */,
				87D0853722EDA7B900D6A881 /* SampleViewController.swift */,
				87D2BBC2235427090029A9BE /* WaypointListViewController.swift */,
				87D0853522ED9C8000D6A881 /* WidgetDetailViewController.swift */,
				872748D522ED93D1005B7678 /* WidgetListViewController.swift */,
			);
			path = ViewControllers;
			sourceTree = "<group>";
		};
		872748C022ED8386005B7678 /* Helpers */ = {
			isa = PBXGroup;
			children = (
				872748C622ED89A6005B7678 /* API.swift */,
				87F3CF522308F1DC001316AD /* Constants.swift */,
				872748CA22ED8BB8005B7678 /* Extensions.swift */,
				872748C122ED839D005B7678 /* Settings.swift */,
				872748C422ED8551005B7678 /* Storyboarded.swift */,
			);
			path = Helpers;
			sourceTree = "<group>";
		};
		872748CC22ED8BC4005B7678 /* Models */ = {
			isa = PBXGroup;
			children = (
				87D0853922EDA9A500D6A881 /* Samples.swift */,
				87D2BBC4235427810029A9BE /* Waypoint.swift */,
				872748C822ED8B69005B7678 /* Widget.swift */,
			);
			path = Models;
			sourceTree = "<group>";
		};
		872748D122ED8D62005B7678 /* Cells */ = {
			isa = PBXGroup;
			children = (
				872748CD22ED8D5B005B7678 /* WidgetCollectionViewCell.swift */,
				872748CE22ED8D5B005B7678 /* WidgetCollectionViewCell.xib */,
			);
			path = Cells;
			sourceTree = "<group>";
		};
		872748D222ED8E41005B7678 /* Extensions */ = {
			isa = PBXGroup;
			children = (
				872748D322ED8E56005B7678 /* CollectionView+RegisterXib.swift */,
				C1D990B322EFF2FB00FEEE5A /* OSLog.swift */,
			);
			path = Extensions;
			sourceTree = "<group>";
		};
		87BB90E322ED81030078EFEB = {
			isa = PBXGroup;
			children = (
				F3F7244C6DA4A4D8421BD13C /* Frameworks */,
				87F3CF5B2308FCAB001316AD /* Pinned */,
				CDF7E3EA6BF19461990B26BF /* Pods */,
				87BB90ED22ED81040078EFEB /* Products */,
				87BB90EE22ED81040078EFEB /* QuickStats */,
			);
			sourceTree = "<group>";
		};
		87BB90ED22ED81040078EFEB /* Products */ = {
			isa = PBXGroup;
			children = (
				87BB90EC22ED81040078EFEB /* QuickStats.app */,
				87F3CF582308FCAA001316AD /* Pinned.appex */,
			);
			name = Products;
			sourceTree = "<group>";
		};
		87BB90EE22ED81040078EFEB /* QuickStats */ = {
			isa = PBXGroup;
			children = (
				872748D122ED8D62005B7678 /* Cells */,
				872748D222ED8E41005B7678 /* Extensions */,
				872748C022ED8386005B7678 /* Helpers */,
				872748CC22ED8BC4005B7678 /* Models */,
				872748BD22ED8177005B7678 /* ViewControllers */,
				87BB90EF22ED81040078EFEB /* AppDelegate.swift */,
				87BB90F622ED81060078EFEB /* Assets.xcassets */,
				87BB90FB22ED81060078EFEB /* Info.plist */,
				87BB90F822ED81060078EFEB /* LaunchScreen.storyboard */,
				87F3CF6A2308FCF0001316AD /* QuickStats.entitlements */,
			);
			path = QuickStats;
			sourceTree = "<group>";
		};
		87F3CF5B2308FCAB001316AD /* Pinned */ = {
			isa = PBXGroup;
			children = (
				87F3CF612308FCAB001316AD /* Info.plist */,
				87F3CF5E2308FCAB001316AD /* MainInterface.storyboard */,
				87F3CF692308FCD8001316AD /* Pinned.entitlements */,
				87F3CF5C2308FCAB001316AD /* TodayViewController.swift */,
				87F3CF7223091089001316AD /* WidgetTableViewCell.swift */,
			);
			path = Pinned;
			sourceTree = "<group>";
		};
		CDF7E3EA6BF19461990B26BF /* Pods */ = {
			isa = PBXGroup;
			children = (
			);
			path = Pods;
			sourceTree = "<group>";
		};
		F3F7244C6DA4A4D8421BD13C /* Frameworks */ = {
			isa = PBXGroup;
			children = (
				87F3CF592308FCAB001316AD /* NotificationCenter.framework */,
			);
			name = Frameworks;
			sourceTree = "<group>";
		};
/* End PBXGroup section */

/* Begin PBXNativeTarget section */
		87BB90EB22ED81030078EFEB /* QuickStats */ = {
			isa = PBXNativeTarget;
			buildConfigurationList = 87BB90FE22ED81060078EFEB /* Build configuration list for PBXNativeTarget "QuickStats" */;
			buildPhases = (
				87BB90E822ED81030078EFEB /* Sources */,
				87BB90E922ED81030078EFEB /* Frameworks */,
				87BB90EA22ED81030078EFEB /* Resources */,
				87F3CF682308FCAB001316AD /* Embed App Extensions */,
			);
			buildRules = (
			);
			dependencies = (
				87F3CF632308FCAB001316AD /* PBXTargetDependency */,
			);
			name = QuickStats;
			packageProductDependencies = (
				87D2BBBB235423F20029A9BE /* SwiftPackageProductDependency */,
				87D2BBBE2354240A0029A9BE /* SwiftPackageProductDependency */,
			);
			productName = QuickStats;
			productReference = 87BB90EC22ED81040078EFEB /* QuickStats.app */;
			productType = "com.apple.product-type.application";
		};
		87F3CF572308FCAA001316AD /* Pinned */ = {
			isa = PBXNativeTarget;
			buildConfigurationList = 87F3CF672308FCAB001316AD /* Build configuration list for PBXNativeTarget "Pinned" */;
			buildPhases = (
				87F3CF542308FCAA001316AD /* Sources */,
				87F3CF552308FCAA001316AD /* Frameworks */,
				87F3CF562308FCAA001316AD /* Resources */,
			);
			buildRules = (
			);
			dependencies = (
			);
			name = Pinned;
			packageProductDependencies = (
				87D2BBC0235424140029A9BE /* SwiftPackageProductDependency */,
			);
			productName = Pinned;
			productReference = 87F3CF582308FCAA001316AD /* Pinned.appex */;
			productType = "com.apple.product-type.app-extension";
		};
/* End PBXNativeTarget section */

/* Begin PBXProject section */
		87BB90E422ED81030078EFEB /* Project object */ = {
			isa = PBXProject;
			attributes = {
				LastSwiftUpdateCheck = 1030;
				LastUpgradeCheck = 1030;
				ORGANIZATIONNAME = "Paul Traylor";
				TargetAttributes = {
					87BB90EB22ED81030078EFEB = {
						CreatedOnToolsVersion = 10.3;
						SystemCapabilities = {
							com.apple.ApplicationGroups.iOS = {
								enabled = 1;
							};
							com.apple.Keychain = {
								enabled = 1;
							};
						};
					};
					87F3CF572308FCAA001316AD = {
						CreatedOnToolsVersion = 10.3;
						SystemCapabilities = {
							com.apple.ApplicationGroups.iOS = {
								enabled = 1;
							};
							com.apple.Keychain = {
								enabled = 1;
							};
						};
					};
				};
			};
			buildConfigurationList = 87BB90E722ED81030078EFEB /* Build configuration list for PBXProject "QuickStats" */;
			compatibilityVersion = "Xcode 9.3";
			developmentRegion = en;
			hasScannedForEncodings = 0;
			knownRegions = (
				en,
				Base,
			);
			mainGroup = 87BB90E322ED81030078EFEB;
			packageReferences = (
				87D2BBBA235423F20029A9BE /* RemoteSwiftPackageReference */,
				87D2BBBD2354240A0029A9BE /* RemoteSwiftPackageReference */,
			);
			productRefGroup = 87BB90ED22ED81040078EFEB /* Products */;
			projectDirPath = "";
			projectRoot = "";
			targets = (
				87BB90EB22ED81030078EFEB /* QuickStats */,
				87F3CF572308FCAA001316AD /* Pinned */,
			);
		};
/* End PBXProject section */

/* Begin PBXResourcesBuildPhase section */
		87BB90EA22ED81030078EFEB /* Resources */ = {
			isa = PBXResourcesBuildPhase;
			buildActionMask = 2147483647;
			files = (
				872748D022ED8D5B005B7678 /* WidgetCollectionViewCell.xib in Resources */,
				87BB90FA22ED81060078EFEB /* LaunchScreen.storyboard in Resources */,
				87BB90F722ED81060078EFEB /* Assets.xcassets in Resources */,
				87BB90F522ED81040078EFEB /* Main.storyboard in Resources */,
			);
			runOnlyForDeploymentPostprocessing = 0;
		};
		87F3CF562308FCAA001316AD /* Resources */ = {
			isa = PBXResourcesBuildPhase;
			buildActionMask = 2147483647;
			files = (
				87F3CF602308FCAB001316AD /* MainInterface.storyboard in Resources */,
			);
			runOnlyForDeploymentPostprocessing = 0;
		};
/* End PBXResourcesBuildPhase section */

/* Begin PBXSourcesBuildPhase section */
		87BB90E822ED81030078EFEB /* Sources */ = {
			isa = PBXSourcesBuildPhase;
			buildActionMask = 2147483647;
			files = (
				872748BF22ED81E8005B7678 /* LoginViewController.swift in Sources */,
				87D0853A22EDA9A500D6A881 /* Samples.swift in Sources */,
				872748C522ED8551005B7678 /* Storyboarded.swift in Sources */,
				872748CB22ED8BB8005B7678 /* Extensions.swift in Sources */,
				872748D422ED8E56005B7678 /* CollectionView+RegisterXib.swift in Sources */,
				872748D622ED93D1005B7678 /* WidgetListViewController.swift in Sources */,
				87F3CF532308F1DC001316AD /* Constants.swift in Sources */,
				87D0853622ED9C8000D6A881 /* WidgetDetailViewController.swift in Sources */,
				87D0853822EDA7B900D6A881 /* SampleViewController.swift in Sources */,
				872748C222ED839D005B7678 /* Settings.swift in Sources */,
				872748C722ED89A6005B7678 /* API.swift in Sources */,
				87BB90F022ED81040078EFEB /* AppDelegate.swift in Sources */,
				872748C922ED8B69005B7678 /* Widget.swift in Sources */,
				87D2BBC5235427810029A9BE /* Waypoint.swift in Sources */,
				872748CF22ED8D5B005B7678 /* WidgetCollectionViewCell.swift in Sources */,
				87D2BBC3235427090029A9BE /* WaypointListViewController.swift in Sources */,
				C1D990B422EFF2FB00FEEE5A /* OSLog.swift in Sources */,
			);
			runOnlyForDeploymentPostprocessing = 0;
		};
		87F3CF542308FCAA001316AD /* Sources */ = {
			isa = PBXSourcesBuildPhase;
			buildActionMask = 2147483647;
			files = (
				87F3CF6E230900D5001316AD /* Extensions.swift in Sources */,
				87F3CF6B2308FDFD001316AD /* Settings.swift in Sources */,
				87F3CF6C2308FF79001316AD /* API.swift in Sources */,
				87F3CF7423091089001316AD /* WidgetTableViewCell.swift in Sources */,
				87F3CF75230912B3001316AD /* Constants.swift in Sources */,
				87F3CF5D2308FCAB001316AD /* TodayViewController.swift in Sources */,
				87F3CF6D2308FF7F001316AD /* Widget.swift in Sources */,
			);
			runOnlyForDeploymentPostprocessing = 0;
		};
/* End PBXSourcesBuildPhase section */

/* Begin PBXTargetDependency section */
		87F3CF632308FCAB001316AD /* PBXTargetDependency */ = {
			isa = PBXTargetDependency;
			target = 87F3CF572308FCAA001316AD /* Pinned */;
			targetProxy = 87F3CF622308FCAB001316AD /* PBXContainerItemProxy */;
		};
/* End PBXTargetDependency section */

/* Begin PBXVariantGroup section */
		87BB90F322ED81040078EFEB /* Main.storyboard */ = {
			isa = PBXVariantGroup;
			children = (
				87BB90F422ED81040078EFEB /* Base */,
			);
			name = Main.storyboard;
			path = .;
			sourceTree = "<group>";
		};
		87BB90F822ED81060078EFEB /* LaunchScreen.storyboard */ = {
			isa = PBXVariantGroup;
			children = (
				87BB90F922ED81060078EFEB /* Base */,
			);
			name = LaunchScreen.storyboard;
			path = .;
			sourceTree = "<group>";
		};
		87F3CF5E2308FCAB001316AD /* MainInterface.storyboard */ = {
			isa = PBXVariantGroup;
			children = (
				87F3CF5F2308FCAB001316AD /* Base */,
			);
			name = MainInterface.storyboard;
			path = .;
			sourceTree = "<group>";
		};
/* End PBXVariantGroup section */

/* Begin XCBuildConfiguration section */
		87BB90FC22ED81060078EFEB /* Debug */ = {
			isa = XCBuildConfiguration;
			buildSettings = {
				ALWAYS_SEARCH_USER_PATHS = NO;
				CLANG_ANALYZER_NONNULL = YES;
				CLANG_ANALYZER_NUMBER_OBJECT_CONVERSION = YES_AGGRESSIVE;
				CLANG_CXX_LANGUAGE_STANDARD = "gnu++14";
				CLANG_CXX_LIBRARY = "libc++";
				CLANG_ENABLE_MODULES = YES;
				CLANG_ENABLE_OBJC_ARC = YES;
				CLANG_ENABLE_OBJC_WEAK = YES;
				CLANG_WARN_BLOCK_CAPTURE_AUTORELEASING = YES;
				CLANG_WARN_BOOL_CONVERSION = YES;
				CLANG_WARN_COMMA = YES;
				CLANG_WARN_CONSTANT_CONVERSION = YES;
				CLANG_WARN_DEPRECATED_OBJC_IMPLEMENTATIONS = YES;
				CLANG_WARN_DIRECT_OBJC_ISA_USAGE = YES_ERROR;
				CLANG_WARN_DOCUMENTATION_COMMENTS = YES;
				CLANG_WARN_EMPTY_BODY = YES;
				CLANG_WARN_ENUM_CONVERSION = YES;
				CLANG_WARN_INFINITE_RECURSION = YES;
				CLANG_WARN_INT_CONVERSION = YES;
				CLANG_WARN_NON_LITERAL_NULL_CONVERSION = YES;
				CLANG_WARN_OBJC_IMPLICIT_RETAIN_SELF = YES;
				CLANG_WARN_OBJC_LITERAL_CONVERSION = YES;
				CLANG_WARN_OBJC_ROOT_CLASS = YES_ERROR;
				CLANG_WARN_RANGE_LOOP_ANALYSIS = YES;
				CLANG_WARN_STRICT_PROTOTYPES = YES;
				CLANG_WARN_SUSPICIOUS_MOVE = YES;
				CLANG_WARN_UNGUARDED_AVAILABILITY = YES_AGGRESSIVE;
				CLANG_WARN_UNREACHABLE_CODE = YES;
				CLANG_WARN__DUPLICATE_METHOD_MATCH = YES;
				CODE_SIGN_IDENTITY = "iPhone Developer";
				COPY_PHASE_STRIP = NO;
				DEBUG_INFORMATION_FORMAT = dwarf;
				ENABLE_STRICT_OBJC_MSGSEND = YES;
				ENABLE_TESTABILITY = YES;
				GCC_C_LANGUAGE_STANDARD = gnu11;
				GCC_DYNAMIC_NO_PIC = NO;
				GCC_NO_COMMON_BLOCKS = YES;
				GCC_OPTIMIZATION_LEVEL = 0;
				GCC_PREPROCESSOR_DEFINITIONS = (
					"DEBUG=1",
					"$(inherited)",
				);
				GCC_WARN_64_TO_32_BIT_CONVERSION = YES;
				GCC_WARN_ABOUT_RETURN_TYPE = YES_ERROR;
				GCC_WARN_UNDECLARED_SELECTOR = YES;
				GCC_WARN_UNINITIALIZED_AUTOS = YES_AGGRESSIVE;
				GCC_WARN_UNUSED_FUNCTION = YES;
				GCC_WARN_UNUSED_VARIABLE = YES;
				IPHONEOS_DEPLOYMENT_TARGET = 12.4;
				MTL_ENABLE_DEBUG_INFO = INCLUDE_SOURCE;
				MTL_FAST_MATH = YES;
				ONLY_ACTIVE_ARCH = YES;
				SDKROOT = iphoneos;
				SWIFT_ACTIVE_COMPILATION_CONDITIONS = DEBUG;
				SWIFT_OPTIMIZATION_LEVEL = "-Onone";
			};
			name = Debug;
		};
		87BB90FD22ED81060078EFEB /* Release */ = {
			isa = XCBuildConfiguration;
			buildSettings = {
				ALWAYS_SEARCH_USER_PATHS = NO;
				CLANG_ANALYZER_NONNULL = YES;
				CLANG_ANALYZER_NUMBER_OBJECT_CONVERSION = YES_AGGRESSIVE;
				CLANG_CXX_LANGUAGE_STANDARD = "gnu++14";
				CLANG_CXX_LIBRARY = "libc++";
				CLANG_ENABLE_MODULES = YES;
				CLANG_ENABLE_OBJC_ARC = YES;
				CLANG_ENABLE_OBJC_WEAK = YES;
				CLANG_WARN_BLOCK_CAPTURE_AUTORELEASING = YES;
				CLANG_WARN_BOOL_CONVERSION = YES;
				CLANG_WARN_COMMA = YES;
				CLANG_WARN_CONSTANT_CONVERSION = YES;
				CLANG_WARN_DEPRECATED_OBJC_IMPLEMENTATIONS = YES;
				CLANG_WARN_DIRECT_OBJC_ISA_USAGE = YES_ERROR;
				CLANG_WARN_DOCUMENTATION_COMMENTS = YES;
				CLANG_WARN_EMPTY_BODY = YES;
				CLANG_WARN_ENUM_CONVERSION = YES;
				CLANG_WARN_INFINITE_RECURSION = YES;
				CLANG_WARN_INT_CONVERSION = YES;
				CLANG_WARN_NON_LITERAL_NULL_CONVERSION = YES;
				CLANG_WARN_OBJC_IMPLICIT_RETAIN_SELF = YES;
				CLANG_WARN_OBJC_LITERAL_CONVERSION = YES;
				CLANG_WARN_OBJC_ROOT_CLASS = YES_ERROR;
				CLANG_WARN_RANGE_LOOP_ANALYSIS = YES;
				CLANG_WARN_STRICT_PROTOTYPES = YES;
				CLANG_WARN_SUSPICIOUS_MOVE = YES;
				CLANG_WARN_UNGUARDED_AVAILABILITY = YES_AGGRESSIVE;
				CLANG_WARN_UNREACHABLE_CODE = YES;
				CLANG_WARN__DUPLICATE_METHOD_MATCH = YES;
				CODE_SIGN_IDENTITY = "iPhone Developer";
				COPY_PHASE_STRIP = NO;
				DEBUG_INFORMATION_FORMAT = "dwarf-with-dsym";
				ENABLE_NS_ASSERTIONS = NO;
				ENABLE_STRICT_OBJC_MSGSEND = YES;
				GCC_C_LANGUAGE_STANDARD = gnu11;
				GCC_NO_COMMON_BLOCKS = YES;
				GCC_WARN_64_TO_32_BIT_CONVERSION = YES;
				GCC_WARN_ABOUT_RETURN_TYPE = YES_ERROR;
				GCC_WARN_UNDECLARED_SELECTOR = YES;
				GCC_WARN_UNINITIALIZED_AUTOS = YES_AGGRESSIVE;
				GCC_WARN_UNUSED_FUNCTION = YES;
				GCC_WARN_UNUSED_VARIABLE = YES;
				IPHONEOS_DEPLOYMENT_TARGET = 12.4;
				MTL_ENABLE_DEBUG_INFO = NO;
				MTL_FAST_MATH = YES;
				SDKROOT = iphoneos;
				SWIFT_COMPILATION_MODE = wholemodule;
				SWIFT_OPTIMIZATION_LEVEL = "-O";
				VALIDATE_PRODUCT = YES;
			};
			name = Release;
		};
		87BB90FF22ED81060078EFEB /* Debug */ = {
			isa = XCBuildConfiguration;
			buildSettings = {
				ALWAYS_EMBED_SWIFT_STANDARD_LIBRARIES = YES;
				ASSETCATALOG_COMPILER_APPICON_NAME = AppIcon;
				CODE_SIGN_ENTITLEMENTS = QuickStats/QuickStats.entitlements;
				CODE_SIGN_STYLE = Automatic;
				CURRENT_PROJECT_VERSION = 4;
				DEVELOPMENT_TEAM = QX3B8ZS54S;
				INFOPLIST_FILE = QuickStats/Info.plist;
				IPHONEOS_DEPLOYMENT_TARGET = 12.3;
				LD_RUNPATH_SEARCH_PATHS = (
					"$(inherited)",
					"@executable_path/Frameworks",
				);
				PRODUCT_BUNDLE_IDENTIFIER = net.kungfudiscomonkey.QuickStats;
				PRODUCT_NAME = "$(TARGET_NAME)";
				SWIFT_VERSION = 5.0;
				TARGETED_DEVICE_FAMILY = "1,2";
				VERSIONING_SYSTEM = "apple-generic";
			};
			name = Debug;
		};
		87BB910022ED81060078EFEB /* Release */ = {
			isa = XCBuildConfiguration;
			buildSettings = {
				ALWAYS_EMBED_SWIFT_STANDARD_LIBRARIES = YES;
				ASSETCATALOG_COMPILER_APPICON_NAME = AppIcon;
				CODE_SIGN_ENTITLEMENTS = QuickStats/QuickStats.entitlements;
				CODE_SIGN_STYLE = Automatic;
				CURRENT_PROJECT_VERSION = 4;
				DEVELOPMENT_TEAM = QX3B8ZS54S;
				INFOPLIST_FILE = QuickStats/Info.plist;
				IPHONEOS_DEPLOYMENT_TARGET = 12.3;
				LD_RUNPATH_SEARCH_PATHS = (
					"$(inherited)",
					"@executable_path/Frameworks",
				);
				PRODUCT_BUNDLE_IDENTIFIER = net.kungfudiscomonkey.QuickStats;
				PRODUCT_NAME = "$(TARGET_NAME)";
				SWIFT_VERSION = 5.0;
				TARGETED_DEVICE_FAMILY = "1,2";
				VERSIONING_SYSTEM = "apple-generic";
			};
			name = Release;
		};
		87F3CF652308FCAB001316AD /* Debug */ = {
			isa = XCBuildConfiguration;
			buildSettings = {
				CODE_SIGN_ENTITLEMENTS = Pinned/Pinned.entitlements;
				CODE_SIGN_STYLE = Automatic;
				CURRENT_PROJECT_VERSION = 4;
				DEVELOPMENT_TEAM = QX3B8ZS54S;
				INFOPLIST_FILE = Pinned/Info.plist;
				LD_RUNPATH_SEARCH_PATHS = (
					"$(inherited)",
					"@executable_path/Frameworks",
					"@executable_path/../../Frameworks",
				);
				PRODUCT_BUNDLE_IDENTIFIER = net.kungfudiscomonkey.QuickStats.Pinned;
				PRODUCT_NAME = "$(TARGET_NAME)";
				SKIP_INSTALL = YES;
				SWIFT_VERSION = 5.0;
				TARGETED_DEVICE_FAMILY = "1,2";
				VERSIONING_SYSTEM = "apple-generic";
			};
			name = Debug;
		};
		87F3CF662308FCAB001316AD /* Release */ = {
			isa = XCBuildConfiguration;
			buildSettings = {
				CODE_SIGN_ENTITLEMENTS = Pinned/Pinned.entitlements;
				CODE_SIGN_STYLE = Automatic;
				CURRENT_PROJECT_VERSION = 4;
				DEVELOPMENT_TEAM = QX3B8ZS54S;
				INFOPLIST_FILE = Pinned/Info.plist;
				LD_RUNPATH_SEARCH_PATHS = (
					"$(inherited)",
					"@executable_path/Frameworks",
					"@executable_path/../../Frameworks",
				);
				PRODUCT_BUNDLE_IDENTIFIER = net.kungfudiscomonkey.QuickStats.Pinned;
				PRODUCT_NAME = "$(TARGET_NAME)";
				SKIP_INSTALL = YES;
				SWIFT_VERSION = 5.0;
				TARGETED_DEVICE_FAMILY = "1,2";
				VERSIONING_SYSTEM = "apple-generic";
			};
			name = Release;
		};
/* End XCBuildConfiguration section */

/* Begin XCConfigurationList section */
		87BB90E722ED81030078EFEB /* Build configuration list for PBXProject "QuickStats" */ = {
			isa = XCConfigurationList;
			buildConfigurations = (
				87BB90FC22ED81060078EFEB /* Debug */,
				87BB90FD22ED81060078EFEB /* Release */,
			);
			defaultConfigurationIsVisible = 0;
			defaultConfigurationName = Release;
		};
		87BB90FE22ED81060078EFEB /* Build configuration list for PBXNativeTarget "QuickStats" */ = {
			isa = XCConfigurationList;
			buildConfigurations = (
				87BB90FF22ED81060078EFEB /* Debug */,
				87BB910022ED81060078EFEB /* Release */,
			);
			defaultConfigurationIsVisible = 0;
			defaultConfigurationName = Release;
		};
		87F3CF672308FCAB001316AD /* Build configuration list for PBXNativeTarget "Pinned" */ = {
			isa = XCConfigurationList;
			buildConfigurations = (
				87F3CF652308FCAB001316AD /* Debug */,
				87F3CF662308FCAB001316AD /* Release */,
			);
			defaultConfigurationIsVisible = 0;
			defaultConfigurationName = Release;
		};
/* End XCConfigurationList section */

/* Begin XCRemoteSwiftPackageReference section */
		87D2BBBA235423F20029A9BE /* RemoteSwiftPackageReference */ = {
			isa = XCRemoteSwiftPackageReference;
			repositoryURL = "https://github.com/SDWebImage/SDWebImage";
			requirement = {
				kind = upToNextMajorVersion;
				minimumVersion = 5.2.3;
			};
		};
		87D2BBBD2354240A0029A9BE /* RemoteSwiftPackageReference */ = {
			isa = XCRemoteSwiftPackageReference;
			repositoryURL = "https://github.com/kishikawakatsumi/KeychainAccess";
			requirement = {
				kind = upToNextMajorVersion;
				minimumVersion = 3.2.0;
			};
		};
/* End XCRemoteSwiftPackageReference section */

/* Begin XCSwiftPackageProductDependency section */
		87D2BBBB235423F20029A9BE /* SwiftPackageProductDependency */ = {
			isa = XCSwiftPackageProductDependency;
			package = 87D2BBBA235423F20029A9BE /* RemoteSwiftPackageReference */;
			productName = SDWebImage;
		};
		87D2BBBE2354240A0029A9BE /* SwiftPackageProductDependency */ = {
			isa = XCSwiftPackageProductDependency;
			package = 87D2BBBD2354240A0029A9BE /* RemoteSwiftPackageReference */;
			productName = KeychainAccess;
		};
		87D2BBC0235424140029A9BE /* SwiftPackageProductDependency */ = {
			isa = XCSwiftPackageProductDependency;
			package = 87D2BBBD2354240A0029A9BE /* RemoteSwiftPackageReference */;
			productName = KeychainAccess;
		};
/* End XCSwiftPackageProductDependency section */
	};
	rootObject = 87BB90E422ED81030078EFEB /* Project object */;
}
