// !$*UTF8*$!
{
	archiveVersion = 1;
	classes = {
	};
	objectVersion = 52;
	objects = {

/* Begin PBXBuildFile section */
		8701B22C25CE6B780098196B /* SampleView.swift in Sources */ = {isa = PBXBuildFile; fileRef = 8701B22B25CE6B780098196B /* SampleView.swift */; };
		8701B23125CE6BEC0098196B /* PreviewData.swift in Sources */ = {isa = PBXBuildFile; fileRef = 8701B23025CE6BEC0098196B /* PreviewData.swift */; };
		8701B23625CE6CC50098196B /* Sample.swift in Sources */ = {isa = PBXBuildFile; fileRef = 8701B23525CE6CC50098196B /* Sample.swift */; };
		8701B24825CE72CF0098196B /* SwiftUICharts in Frameworks */ = {isa = PBXBuildFile; productRef = 8701B24725CE72CF0098196B /* SwiftUICharts */; };
		873C524D25CD6D4200B2F70E /* KeychainAccess in Frameworks */ = {isa = PBXBuildFile; productRef = 873C524C25CD6D4200B2F70E /* KeychainAccess */; };
		873C525225CD6F3300B2F70E /* WidgetView.swift in Sources */ = {isa = PBXBuildFile; fileRef = 873C525125CD6F3300B2F70E /* WidgetView.swift */; };
		873C525725CD745E00B2F70E /* WidgetFetcher.swift in Sources */ = {isa = PBXBuildFile; fileRef = 873C525625CD745E00B2F70E /* WidgetFetcher.swift */; };
		873C525C25CD79CC00B2F70E /* WidgetDetail.swift in Sources */ = {isa = PBXBuildFile; fileRef = 873C525B25CD79CC00B2F70E /* WidgetDetail.swift */; };
		876CC6A825CD86650016949E /* JSON+Extensions.swift in Sources */ = {isa = PBXBuildFile; fileRef = 876CC6A725CD86650016949E /* JSON+Extensions.swift */; };
		876CC6AD25CD87350016949E /* CountdownView.swift in Sources */ = {isa = PBXBuildFile; fileRef = 876CC6AC25CD87350016949E /* CountdownView.swift */; };
		876CC6B225CD8A0D0016949E /* IntervalView.swift in Sources */ = {isa = PBXBuildFile; fileRef = 876CC6B125CD8A0D0016949E /* IntervalView.swift */; };
		876EA71D25CD6127004DF213 /* QuickStatsApp.swift in Sources */ = {isa = PBXBuildFile; fileRef = 876EA71C25CD6127004DF213 /* QuickStatsApp.swift */; };
		876EA71F25CD6127004DF213 /* ContentView.swift in Sources */ = {isa = PBXBuildFile; fileRef = 876EA71E25CD6127004DF213 /* ContentView.swift */; };
		876EA72125CD6128004DF213 /* Assets.xcassets in Resources */ = {isa = PBXBuildFile; fileRef = 876EA72025CD6128004DF213 /* Assets.xcassets */; };
		876EA72425CD6128004DF213 /* Preview Assets.xcassets in Resources */ = {isa = PBXBuildFile; fileRef = 876EA72325CD6128004DF213 /* Preview Assets.xcassets */; };
		876EA72F25CD6128004DF213 /* QuickStatsTests.swift in Sources */ = {isa = PBXBuildFile; fileRef = 876EA72E25CD6128004DF213 /* QuickStatsTests.swift */; };
		876EA73A25CD6128004DF213 /* QuickStatsUITests.swift in Sources */ = {isa = PBXBuildFile; fileRef = 876EA73925CD6128004DF213 /* QuickStatsUITests.swift */; };
		876EA74F25CD61E8004DF213 /* Settings.swift in Sources */ = {isa = PBXBuildFile; fileRef = 876EA74E25CD61E8004DF213 /* Settings.swift */; };
		876EA75825CD6285004DF213 /* LoginView.swift in Sources */ = {isa = PBXBuildFile; fileRef = 876EA75725CD6285004DF213 /* LoginView.swift */; };
		876EA76025CD6374004DF213 /* MainView.swift in Sources */ = {isa = PBXBuildFile; fileRef = 876EA75F25CD6374004DF213 /* MainView.swift */; };
		876EA76525CD64D0004DF213 /* Widget.swift in Sources */ = {isa = PBXBuildFile; fileRef = 876EA76425CD64D0004DF213 /* Widget.swift */; };
		876EA76A25CD6521004DF213 /* Api.swift in Sources */ = {isa = PBXBuildFile; fileRef = 876EA76925CD6521004DF213 /* Api.swift */; };
		876EA77025CD67C6004DF213 /* URLSession+Extensions.swift in Sources */ = {isa = PBXBuildFile; fileRef = 876EA76F25CD67C6004DF213 /* URLSession+Extensions.swift */; };
		876EA78025CD6A22004DF213 /* SettingsView.swift in Sources */ = {isa = PBXBuildFile; fileRef = 876EA77F25CD6A22004DF213 /* SettingsView.swift */; };
		87D5087B25CE4C4E00921D2C /* DateView.swift in Sources */ = {isa = PBXBuildFile; fileRef = 87D5087A25CE4C4E00921D2C /* DateView.swift */; };
/* End PBXBuildFile section */

/* Begin PBXContainerItemProxy section */
		876EA72B25CD6128004DF213 /* PBXContainerItemProxy */ = {
			isa = PBXContainerItemProxy;
			containerPortal = 876EA71125CD6127004DF213 /* Project object */;
			proxyType = 1;
			remoteGlobalIDString = 876EA71825CD6127004DF213;
			remoteInfo = QuickStats;
		};
		876EA73625CD6128004DF213 /* PBXContainerItemProxy */ = {
			isa = PBXContainerItemProxy;
			containerPortal = 876EA71125CD6127004DF213 /* Project object */;
			proxyType = 1;
			remoteGlobalIDString = 876EA71825CD6127004DF213;
			remoteInfo = QuickStats;
		};
/* End PBXContainerItemProxy section */

/* Begin PBXFileReference section */
		8701B22B25CE6B780098196B /* SampleView.swift */ = {isa = PBXFileReference; lastKnownFileType = sourcecode.swift; path = SampleView.swift; sourceTree = "<group>"; };
		8701B23025CE6BEC0098196B /* PreviewData.swift */ = {isa = PBXFileReference; lastKnownFileType = sourcecode.swift; path = PreviewData.swift; sourceTree = "<group>"; };
		8701B23525CE6CC50098196B /* Sample.swift */ = {isa = PBXFileReference; lastKnownFileType = sourcecode.swift; path = Sample.swift; sourceTree = "<group>"; };
		873C525125CD6F3300B2F70E /* WidgetView.swift */ = {isa = PBXFileReference; lastKnownFileType = sourcecode.swift; path = WidgetView.swift; sourceTree = "<group>"; };
		873C525625CD745E00B2F70E /* WidgetFetcher.swift */ = {isa = PBXFileReference; lastKnownFileType = sourcecode.swift; path = WidgetFetcher.swift; sourceTree = "<group>"; };
		873C525B25CD79CC00B2F70E /* WidgetDetail.swift */ = {isa = PBXFileReference; lastKnownFileType = sourcecode.swift; path = WidgetDetail.swift; sourceTree = "<group>"; };
		876CC6A725CD86650016949E /* JSON+Extensions.swift */ = {isa = PBXFileReference; lastKnownFileType = sourcecode.swift; path = "JSON+Extensions.swift"; sourceTree = "<group>"; };
		876CC6AC25CD87350016949E /* CountdownView.swift */ = {isa = PBXFileReference; lastKnownFileType = sourcecode.swift; path = CountdownView.swift; sourceTree = "<group>"; };
		876CC6B125CD8A0D0016949E /* IntervalView.swift */ = {isa = PBXFileReference; lastKnownFileType = sourcecode.swift; path = IntervalView.swift; sourceTree = "<group>"; };
		876EA71925CD6127004DF213 /* QuickStats.app */ = {isa = PBXFileReference; explicitFileType = wrapper.application; includeInIndex = 0; path = QuickStats.app; sourceTree = BUILT_PRODUCTS_DIR; };
		876EA71C25CD6127004DF213 /* QuickStatsApp.swift */ = {isa = PBXFileReference; lastKnownFileType = sourcecode.swift; path = QuickStatsApp.swift; sourceTree = "<group>"; };
		876EA71E25CD6127004DF213 /* ContentView.swift */ = {isa = PBXFileReference; lastKnownFileType = sourcecode.swift; path = ContentView.swift; sourceTree = "<group>"; };
		876EA72025CD6128004DF213 /* Assets.xcassets */ = {isa = PBXFileReference; lastKnownFileType = folder.assetcatalog; path = Assets.xcassets; sourceTree = "<group>"; };
		876EA72325CD6128004DF213 /* Preview Assets.xcassets */ = {isa = PBXFileReference; lastKnownFileType = folder.assetcatalog; path = "Preview Assets.xcassets"; sourceTree = "<group>"; };
		876EA72525CD6128004DF213 /* Info.plist */ = {isa = PBXFileReference; lastKnownFileType = text.plist.xml; path = Info.plist; sourceTree = "<group>"; };
		876EA72A25CD6128004DF213 /* QuickStatsTests.xctest */ = {isa = PBXFileReference; explicitFileType = wrapper.cfbundle; includeInIndex = 0; path = QuickStatsTests.xctest; sourceTree = BUILT_PRODUCTS_DIR; };
		876EA72E25CD6128004DF213 /* QuickStatsTests.swift */ = {isa = PBXFileReference; lastKnownFileType = sourcecode.swift; path = QuickStatsTests.swift; sourceTree = "<group>"; };
		876EA73025CD6128004DF213 /* Info.plist */ = {isa = PBXFileReference; lastKnownFileType = text.plist.xml; path = Info.plist; sourceTree = "<group>"; };
		876EA73525CD6128004DF213 /* QuickStatsUITests.xctest */ = {isa = PBXFileReference; explicitFileType = wrapper.cfbundle; includeInIndex = 0; path = QuickStatsUITests.xctest; sourceTree = BUILT_PRODUCTS_DIR; };
		876EA73925CD6128004DF213 /* QuickStatsUITests.swift */ = {isa = PBXFileReference; lastKnownFileType = sourcecode.swift; path = QuickStatsUITests.swift; sourceTree = "<group>"; };
		876EA73B25CD6128004DF213 /* Info.plist */ = {isa = PBXFileReference; lastKnownFileType = text.plist.xml; path = Info.plist; sourceTree = "<group>"; };
		876EA74E25CD61E8004DF213 /* Settings.swift */ = {isa = PBXFileReference; lastKnownFileType = sourcecode.swift; path = Settings.swift; sourceTree = "<group>"; };
		876EA75725CD6285004DF213 /* LoginView.swift */ = {isa = PBXFileReference; lastKnownFileType = sourcecode.swift; path = LoginView.swift; sourceTree = "<group>"; };
		876EA75F25CD6374004DF213 /* MainView.swift */ = {isa = PBXFileReference; lastKnownFileType = sourcecode.swift; path = MainView.swift; sourceTree = "<group>"; };
		876EA76425CD64D0004DF213 /* Widget.swift */ = {isa = PBXFileReference; lastKnownFileType = sourcecode.swift; path = Widget.swift; sourceTree = "<group>"; };
		876EA76925CD6521004DF213 /* Api.swift */ = {isa = PBXFileReference; lastKnownFileType = sourcecode.swift; path = Api.swift; sourceTree = "<group>"; };
		876EA76F25CD67C6004DF213 /* URLSession+Extensions.swift */ = {isa = PBXFileReference; lastKnownFileType = sourcecode.swift; path = "URLSession+Extensions.swift"; sourceTree = "<group>"; };
		876EA77F25CD6A22004DF213 /* SettingsView.swift */ = {isa = PBXFileReference; lastKnownFileType = sourcecode.swift; path = SettingsView.swift; sourceTree = "<group>"; };
		87D5087A25CE4C4E00921D2C /* DateView.swift */ = {isa = PBXFileReference; lastKnownFileType = sourcecode.swift; path = DateView.swift; sourceTree = "<group>"; };
/* End PBXFileReference section */

/* Begin PBXFrameworksBuildPhase section */
		876EA71625CD6127004DF213 /* Frameworks */ = {
			isa = PBXFrameworksBuildPhase;
			buildActionMask = 2147483647;
			files = (
				873C524D25CD6D4200B2F70E /* KeychainAccess in Frameworks */,
				8701B24825CE72CF0098196B /* SwiftUICharts in Frameworks */,
			);
			runOnlyForDeploymentPostprocessing = 0;
		};
		876EA72725CD6128004DF213 /* Frameworks */ = {
			isa = PBXFrameworksBuildPhase;
			buildActionMask = 2147483647;
			files = (
			);
			runOnlyForDeploymentPostprocessing = 0;
		};
		876EA73225CD6128004DF213 /* Frameworks */ = {
			isa = PBXFrameworksBuildPhase;
			buildActionMask = 2147483647;
			files = (
			);
			runOnlyForDeploymentPostprocessing = 0;
		};
/* End PBXFrameworksBuildPhase section */

/* Begin PBXGroup section */
		876EA71025CD6127004DF213 = {
			isa = PBXGroup;
			children = (
				876EA71B25CD6127004DF213 /* QuickStats */,
				876EA72D25CD6128004DF213 /* QuickStatsTests */,
				876EA73825CD6128004DF213 /* QuickStatsUITests */,
				876EA71A25CD6127004DF213 /* Products */,
			);
			sourceTree = "<group>";
		};
		876EA71A25CD6127004DF213 /* Products */ = {
			isa = PBXGroup;
			children = (
				876EA71925CD6127004DF213 /* QuickStats.app */,
				876EA72A25CD6128004DF213 /* QuickStatsTests.xctest */,
				876EA73525CD6128004DF213 /* QuickStatsUITests.xctest */,
			);
			name = Products;
			sourceTree = "<group>";
		};
		876EA71B25CD6127004DF213 /* QuickStats */ = {
			isa = PBXGroup;
			children = (
				876EA76E25CD67BA004DF213 /* Extensions */,
				876EA75625CD627B004DF213 /* Views */,
				876EA74D25CD61DE004DF213 /* Models */,
				876EA71C25CD6127004DF213 /* QuickStatsApp.swift */,
				876EA71E25CD6127004DF213 /* ContentView.swift */,
				876EA72025CD6128004DF213 /* Assets.xcassets */,
				876EA72525CD6128004DF213 /* Info.plist */,
				876EA72225CD6128004DF213 /* Preview Content */,
			);
			path = QuickStats;
			sourceTree = "<group>";
		};
		876EA72225CD6128004DF213 /* Preview Content */ = {
			isa = PBXGroup;
			children = (
				876EA72325CD6128004DF213 /* Preview Assets.xcassets */,
				8701B23025CE6BEC0098196B /* PreviewData.swift */,
			);
			path = "Preview Content";
			sourceTree = "<group>";
		};
		876EA72D25CD6128004DF213 /* QuickStatsTests */ = {
			isa = PBXGroup;
			children = (
				876EA72E25CD6128004DF213 /* QuickStatsTests.swift */,
				876EA73025CD6128004DF213 /* Info.plist */,
			);
			path = QuickStatsTests;
			sourceTree = "<group>";
		};
		876EA73825CD6128004DF213 /* QuickStatsUITests */ = {
			isa = PBXGroup;
			children = (
				876EA73925CD6128004DF213 /* QuickStatsUITests.swift */,
				876EA73B25CD6128004DF213 /* Info.plist */,
			);
			path = QuickStatsUITests;
			sourceTree = "<group>";
		};
		876EA74D25CD61DE004DF213 /* Models */ = {
			isa = PBXGroup;
			children = (
				876EA74E25CD61E8004DF213 /* Settings.swift */,
				876EA76425CD64D0004DF213 /* Widget.swift */,
				876EA76925CD6521004DF213 /* Api.swift */,
				8701B23525CE6CC50098196B /* Sample.swift */,
			);
			path = Models;
			sourceTree = "<group>";
		};
		876EA75625CD627B004DF213 /* Views */ = {
			isa = PBXGroup;
			children = (
				876EA75725CD6285004DF213 /* LoginView.swift */,
				876EA75F25CD6374004DF213 /* MainView.swift */,
				876EA77F25CD6A22004DF213 /* SettingsView.swift */,
				873C525125CD6F3300B2F70E /* WidgetView.swift */,
				873C525625CD745E00B2F70E /* WidgetFetcher.swift */,
				873C525B25CD79CC00B2F70E /* WidgetDetail.swift */,
				876CC6AC25CD87350016949E /* CountdownView.swift */,
				876CC6B125CD8A0D0016949E /* IntervalView.swift */,
				87D5087A25CE4C4E00921D2C /* DateView.swift */,
				8701B22B25CE6B780098196B /* SampleView.swift */,
			);
			path = Views;
			sourceTree = "<group>";
		};
		876EA76E25CD67BA004DF213 /* Extensions */ = {
			isa = PBXGroup;
			children = (
				876EA76F25CD67C6004DF213 /* URLSession+Extensions.swift */,
				876CC6A725CD86650016949E /* JSON+Extensions.swift */,
			);
			path = Extensions;
			sourceTree = "<group>";
		};
/* End PBXGroup section */

/* Begin PBXNativeTarget section */
		876EA71825CD6127004DF213 /* QuickStats */ = {
			isa = PBXNativeTarget;
			buildConfigurationList = 876EA73E25CD6128004DF213 /* Build configuration list for PBXNativeTarget "QuickStats" */;
			buildPhases = (
				876EA71525CD6127004DF213 /* Sources */,
				876EA71625CD6127004DF213 /* Frameworks */,
				876EA71725CD6127004DF213 /* Resources */,
			);
			buildRules = (
			);
			dependencies = (
			);
			name = QuickStats;
			packageProductDependencies = (
				873C524C25CD6D4200B2F70E /* KeychainAccess */,
				8701B24725CE72CF0098196B /* SwiftUICharts */,
			);
			productName = QuickStats;
			productReference = 876EA71925CD6127004DF213 /* QuickStats.app */;
			productType = "com.apple.product-type.application";
		};
		876EA72925CD6128004DF213 /* QuickStatsTests */ = {
			isa = PBXNativeTarget;
			buildConfigurationList = 876EA74125CD6128004DF213 /* Build configuration list for PBXNativeTarget "QuickStatsTests" */;
			buildPhases = (
				876EA72625CD6128004DF213 /* Sources */,
				876EA72725CD6128004DF213 /* Frameworks */,
				876EA72825CD6128004DF213 /* Resources */,
			);
			buildRules = (
			);
			dependencies = (
				876EA72C25CD6128004DF213 /* PBXTargetDependency */,
			);
			name = QuickStatsTests;
			productName = QuickStatsTests;
			productReference = 876EA72A25CD6128004DF213 /* QuickStatsTests.xctest */;
			productType = "com.apple.product-type.bundle.unit-test";
		};
		876EA73425CD6128004DF213 /* QuickStatsUITests */ = {
			isa = PBXNativeTarget;
			buildConfigurationList = 876EA74425CD6128004DF213 /* Build configuration list for PBXNativeTarget "QuickStatsUITests" */;
			buildPhases = (
				876EA73125CD6128004DF213 /* Sources */,
				876EA73225CD6128004DF213 /* Frameworks */,
				876EA73325CD6128004DF213 /* Resources */,
			);
			buildRules = (
			);
			dependencies = (
				876EA73725CD6128004DF213 /* PBXTargetDependency */,
			);
			name = QuickStatsUITests;
			productName = QuickStatsUITests;
			productReference = 876EA73525CD6128004DF213 /* QuickStatsUITests.xctest */;
			productType = "com.apple.product-type.bundle.ui-testing";
		};
/* End PBXNativeTarget section */

/* Begin PBXProject section */
		876EA71125CD6127004DF213 /* Project object */ = {
			isa = PBXProject;
			attributes = {
				LastSwiftUpdateCheck = 1240;
				LastUpgradeCheck = 1240;
				TargetAttributes = {
					876EA71825CD6127004DF213 = {
						CreatedOnToolsVersion = 12.4;
					};
					876EA72925CD6128004DF213 = {
						CreatedOnToolsVersion = 12.4;
						TestTargetID = 876EA71825CD6127004DF213;
					};
					876EA73425CD6128004DF213 = {
						CreatedOnToolsVersion = 12.4;
						TestTargetID = 876EA71825CD6127004DF213;
					};
				};
			};
			buildConfigurationList = 876EA71425CD6127004DF213 /* Build configuration list for PBXProject "QuickStats" */;
			compatibilityVersion = "Xcode 9.3";
			developmentRegion = en;
			hasScannedForEncodings = 0;
			knownRegions = (
				en,
				Base,
			);
			mainGroup = 876EA71025CD6127004DF213;
			packageReferences = (
				873C524B25CD6D4200B2F70E /* XCRemoteSwiftPackageReference "KeychainAccess" */,
				8701B24625CE72CF0098196B /* XCRemoteSwiftPackageReference "ChartView" */,
			);
			productRefGroup = 876EA71A25CD6127004DF213 /* Products */;
			projectDirPath = "";
			projectRoot = "";
			targets = (
				876EA71825CD6127004DF213 /* QuickStats */,
				876EA72925CD6128004DF213 /* QuickStatsTests */,
				876EA73425CD6128004DF213 /* QuickStatsUITests */,
			);
		};
/* End PBXProject section */

/* Begin PBXResourcesBuildPhase section */
		876EA71725CD6127004DF213 /* Resources */ = {
			isa = PBXResourcesBuildPhase;
			buildActionMask = 2147483647;
			files = (
				876EA72425CD6128004DF213 /* Preview Assets.xcassets in Resources */,
				876EA72125CD6128004DF213 /* Assets.xcassets in Resources */,
			);
			runOnlyForDeploymentPostprocessing = 0;
		};
		876EA72825CD6128004DF213 /* Resources */ = {
			isa = PBXResourcesBuildPhase;
			buildActionMask = 2147483647;
			files = (
			);
			runOnlyForDeploymentPostprocessing = 0;
		};
		876EA73325CD6128004DF213 /* Resources */ = {
			isa = PBXResourcesBuildPhase;
			buildActionMask = 2147483647;
			files = (
			);
			runOnlyForDeploymentPostprocessing = 0;
		};
/* End PBXResourcesBuildPhase section */

/* Begin PBXSourcesBuildPhase section */
		876EA71525CD6127004DF213 /* Sources */ = {
			isa = PBXSourcesBuildPhase;
			buildActionMask = 2147483647;
			files = (
				873C525C25CD79CC00B2F70E /* WidgetDetail.swift in Sources */,
				876CC6B225CD8A0D0016949E /* IntervalView.swift in Sources */,
				87D5087B25CE4C4E00921D2C /* DateView.swift in Sources */,
				876EA77025CD67C6004DF213 /* URLSession+Extensions.swift in Sources */,
				876EA74F25CD61E8004DF213 /* Settings.swift in Sources */,
				876EA71F25CD6127004DF213 /* ContentView.swift in Sources */,
				876CC6A825CD86650016949E /* JSON+Extensions.swift in Sources */,
				873C525725CD745E00B2F70E /* WidgetFetcher.swift in Sources */,
				876EA78025CD6A22004DF213 /* SettingsView.swift in Sources */,
				873C525225CD6F3300B2F70E /* WidgetView.swift in Sources */,
				8701B23625CE6CC50098196B /* Sample.swift in Sources */,
				8701B22C25CE6B780098196B /* SampleView.swift in Sources */,
				876EA75825CD6285004DF213 /* LoginView.swift in Sources */,
				876EA76025CD6374004DF213 /* MainView.swift in Sources */,
				876CC6AD25CD87350016949E /* CountdownView.swift in Sources */,
				8701B23125CE6BEC0098196B /* PreviewData.swift in Sources */,
				876EA71D25CD6127004DF213 /* QuickStatsApp.swift in Sources */,
				876EA76A25CD6521004DF213 /* Api.swift in Sources */,
				876EA76525CD64D0004DF213 /* Widget.swift in Sources */,
			);
			runOnlyForDeploymentPostprocessing = 0;
		};
		876EA72625CD6128004DF213 /* Sources */ = {
			isa = PBXSourcesBuildPhase;
			buildActionMask = 2147483647;
			files = (
				876EA72F25CD6128004DF213 /* QuickStatsTests.swift in Sources */,
			);
			runOnlyForDeploymentPostprocessing = 0;
		};
		876EA73125CD6128004DF213 /* Sources */ = {
			isa = PBXSourcesBuildPhase;
			buildActionMask = 2147483647;
			files = (
				876EA73A25CD6128004DF213 /* QuickStatsUITests.swift in Sources */,
			);
			runOnlyForDeploymentPostprocessing = 0;
		};
/* End PBXSourcesBuildPhase section */

/* Begin PBXTargetDependency section */
		876EA72C25CD6128004DF213 /* PBXTargetDependency */ = {
			isa = PBXTargetDependency;
			target = 876EA71825CD6127004DF213 /* QuickStats */;
			targetProxy = 876EA72B25CD6128004DF213 /* PBXContainerItemProxy */;
		};
		876EA73725CD6128004DF213 /* PBXTargetDependency */ = {
			isa = PBXTargetDependency;
			target = 876EA71825CD6127004DF213 /* QuickStats */;
			targetProxy = 876EA73625CD6128004DF213 /* PBXContainerItemProxy */;
		};
/* End PBXTargetDependency section */

/* Begin XCBuildConfiguration section */
		876EA73C25CD6128004DF213 /* Debug */ = {
			isa = XCBuildConfiguration;
			buildSettings = {
				ALWAYS_SEARCH_USER_PATHS = NO;
				CLANG_ANALYZER_NONNULL = YES;
				CLANG_ANALYZER_NUMBER_OBJECT_CONVERSION = YES_AGGRESSIVE;
				CLANG_CXX_LANGUAGE_STANDARD = "gnu++14";
				CLANG_CXX_LIBRARY = "libc++";
				CLANG_ENABLE_MODULES = YES;
				CLANG_ENABLE_OBJC_ARC = YES;
				CLANG_ENABLE_OBJC_WEAK = YES;
				CLANG_WARN_BLOCK_CAPTURE_AUTORELEASING = YES;
				CLANG_WARN_BOOL_CONVERSION = YES;
				CLANG_WARN_COMMA = YES;
				CLANG_WARN_CONSTANT_CONVERSION = YES;
				CLANG_WARN_DEPRECATED_OBJC_IMPLEMENTATIONS = YES;
				CLANG_WARN_DIRECT_OBJC_ISA_USAGE = YES_ERROR;
				CLANG_WARN_DOCUMENTATION_COMMENTS = YES;
				CLANG_WARN_EMPTY_BODY = YES;
				CLANG_WARN_ENUM_CONVERSION = YES;
				CLANG_WARN_INFINITE_RECURSION = YES;
				CLANG_WARN_INT_CONVERSION = YES;
				CLANG_WARN_NON_LITERAL_NULL_CONVERSION = YES;
				CLANG_WARN_OBJC_IMPLICIT_RETAIN_SELF = YES;
				CLANG_WARN_OBJC_LITERAL_CONVERSION = YES;
				CLANG_WARN_OBJC_ROOT_CLASS = YES_ERROR;
				CLANG_WARN_QUOTED_INCLUDE_IN_FRAMEWORK_HEADER = YES;
				CLANG_WARN_RANGE_LOOP_ANALYSIS = YES;
				CLANG_WARN_STRICT_PROTOTYPES = YES;
				CLANG_WARN_SUSPICIOUS_MOVE = YES;
				CLANG_WARN_UNGUARDED_AVAILABILITY = YES_AGGRESSIVE;
				CLANG_WARN_UNREACHABLE_CODE = YES;
				CLANG_WARN__DUPLICATE_METHOD_MATCH = YES;
				COPY_PHASE_STRIP = NO;
				CURRENT_PROJECT_VERSION = 7;
				DEBUG_INFORMATION_FORMAT = dwarf;
				ENABLE_STRICT_OBJC_MSGSEND = YES;
				ENABLE_TESTABILITY = YES;
				GCC_C_LANGUAGE_STANDARD = gnu11;
				GCC_DYNAMIC_NO_PIC = NO;
				GCC_NO_COMMON_BLOCKS = YES;
				GCC_OPTIMIZATION_LEVEL = 0;
				GCC_PREPROCESSOR_DEFINITIONS = (
					"DEBUG=1",
					"$(inherited)",
				);
				GCC_WARN_64_TO_32_BIT_CONVERSION = YES;
				GCC_WARN_ABOUT_RETURN_TYPE = YES_ERROR;
				GCC_WARN_UNDECLARED_SELECTOR = YES;
				GCC_WARN_UNINITIALIZED_AUTOS = YES_AGGRESSIVE;
				GCC_WARN_UNUSED_FUNCTION = YES;
				GCC_WARN_UNUSED_VARIABLE = YES;
				IPHONEOS_DEPLOYMENT_TARGET = 14.4;
				MTL_ENABLE_DEBUG_INFO = INCLUDE_SOURCE;
				MTL_FAST_MATH = YES;
				ONLY_ACTIVE_ARCH = YES;
				SDKROOT = iphoneos;
				SWIFT_ACTIVE_COMPILATION_CONDITIONS = DEBUG;
				SWIFT_OPTIMIZATION_LEVEL = "-Onone";
			};
			name = Debug;
		};
		876EA73D25CD6128004DF213 /* Release */ = {
			isa = XCBuildConfiguration;
			buildSettings = {
				ALWAYS_SEARCH_USER_PATHS = NO;
				CLANG_ANALYZER_NONNULL = YES;
				CLANG_ANALYZER_NUMBER_OBJECT_CONVERSION = YES_AGGRESSIVE;
				CLANG_CXX_LANGUAGE_STANDARD = "gnu++14";
				CLANG_CXX_LIBRARY = "libc++";
				CLANG_ENABLE_MODULES = YES;
				CLANG_ENABLE_OBJC_ARC = YES;
				CLANG_ENABLE_OBJC_WEAK = YES;
				CLANG_WARN_BLOCK_CAPTURE_AUTORELEASING = YES;
				CLANG_WARN_BOOL_CONVERSION = YES;
				CLANG_WARN_COMMA = YES;
				CLANG_WARN_CONSTANT_CONVERSION = YES;
				CLANG_WARN_DEPRECATED_OBJC_IMPLEMENTATIONS = YES;
				CLANG_WARN_DIRECT_OBJC_ISA_USAGE = YES_ERROR;
				CLANG_WARN_DOCUMENTATION_COMMENTS = YES;
				CLANG_WARN_EMPTY_BODY = YES;
				CLANG_WARN_ENUM_CONVERSION = YES;
				CLANG_WARN_INFINITE_RECURSION = YES;
				CLANG_WARN_INT_CONVERSION = YES;
				CLANG_WARN_NON_LITERAL_NULL_CONVERSION = YES;
				CLANG_WARN_OBJC_IMPLICIT_RETAIN_SELF = YES;
				CLANG_WARN_OBJC_LITERAL_CONVERSION = YES;
				CLANG_WARN_OBJC_ROOT_CLASS = YES_ERROR;
				CLANG_WARN_QUOTED_INCLUDE_IN_FRAMEWORK_HEADER = YES;
				CLANG_WARN_RANGE_LOOP_ANALYSIS = YES;
				CLANG_WARN_STRICT_PROTOTYPES = YES;
				CLANG_WARN_SUSPICIOUS_MOVE = YES;
				CLANG_WARN_UNGUARDED_AVAILABILITY = YES_AGGRESSIVE;
				CLANG_WARN_UNREACHABLE_CODE = YES;
				CLANG_WARN__DUPLICATE_METHOD_MATCH = YES;
				COPY_PHASE_STRIP = NO;
				CURRENT_PROJECT_VERSION = 7;
				DEBUG_INFORMATION_FORMAT = "dwarf-with-dsym";
				ENABLE_NS_ASSERTIONS = NO;
				ENABLE_STRICT_OBJC_MSGSEND = YES;
				GCC_C_LANGUAGE_STANDARD = gnu11;
				GCC_NO_COMMON_BLOCKS = YES;
				GCC_WARN_64_TO_32_BIT_CONVERSION = YES;
				GCC_WARN_ABOUT_RETURN_TYPE = YES_ERROR;
				GCC_WARN_UNDECLARED_SELECTOR = YES;
				GCC_WARN_UNINITIALIZED_AUTOS = YES_AGGRESSIVE;
				GCC_WARN_UNUSED_FUNCTION = YES;
				GCC_WARN_UNUSED_VARIABLE = YES;
				IPHONEOS_DEPLOYMENT_TARGET = 14.4;
				MTL_ENABLE_DEBUG_INFO = NO;
				MTL_FAST_MATH = YES;
				SDKROOT = iphoneos;
				SWIFT_COMPILATION_MODE = wholemodule;
				SWIFT_OPTIMIZATION_LEVEL = "-O";
				VALIDATE_PRODUCT = YES;
			};
			name = Release;
		};
		876EA73F25CD6128004DF213 /* Debug */ = {
			isa = XCBuildConfiguration;
			buildSettings = {
				ASSETCATALOG_COMPILER_APPICON_NAME = AppIcon;
				ASSETCATALOG_COMPILER_GLOBAL_ACCENT_COLOR_NAME = AccentColor;
				CODE_SIGN_STYLE = Automatic;
				CURRENT_PROJECT_VERSION = 7;
				DEVELOPMENT_ASSET_PATHS = "\"QuickStats/Preview Content\"";
				DEVELOPMENT_TEAM = QX3B8ZS54S;
				ENABLE_PREVIEWS = YES;
				INFOPLIST_FILE = QuickStats/Info.plist;
				IPHONEOS_DEPLOYMENT_TARGET = 14.0;
				LD_RUNPATH_SEARCH_PATHS = (
					"$(inherited)",
					"@executable_path/Frameworks",
				);
				PRODUCT_BUNDLE_IDENTIFIER = net.kungfudiscomonkey.QuickStats;
				PRODUCT_NAME = "$(TARGET_NAME)";
				SWIFT_VERSION = 5.0;
				TARGETED_DEVICE_FAMILY = "1,2";
				VERSIONING_SYSTEM = "apple-generic";
			};
			name = Debug;
		};
		876EA74025CD6128004DF213 /* Release */ = {
			isa = XCBuildConfiguration;
			buildSettings = {
				ASSETCATALOG_COMPILER_APPICON_NAME = AppIcon;
				ASSETCATALOG_COMPILER_GLOBAL_ACCENT_COLOR_NAME = AccentColor;
				CODE_SIGN_STYLE = Automatic;
				CURRENT_PROJECT_VERSION = 7;
				DEVELOPMENT_ASSET_PATHS = "\"QuickStats/Preview Content\"";
				DEVELOPMENT_TEAM = QX3B8ZS54S;
				ENABLE_PREVIEWS = YES;
				INFOPLIST_FILE = QuickStats/Info.plist;
				IPHONEOS_DEPLOYMENT_TARGET = 14.0;
				LD_RUNPATH_SEARCH_PATHS = (
					"$(inherited)",
					"@executable_path/Frameworks",
				);
				PRODUCT_BUNDLE_IDENTIFIER = net.kungfudiscomonkey.QuickStats;
				PRODUCT_NAME = "$(TARGET_NAME)";
				SWIFT_VERSION = 5.0;
				TARGETED_DEVICE_FAMILY = "1,2";
				VERSIONING_SYSTEM = "apple-generic";
			};
			name = Release;
		};
		876EA74225CD6128004DF213 /* Debug */ = {
			isa = XCBuildConfiguration;
			buildSettings = {
				ALWAYS_EMBED_SWIFT_STANDARD_LIBRARIES = YES;
				BUNDLE_LOADER = "$(TEST_HOST)";
				CODE_SIGN_STYLE = Automatic;
				DEVELOPMENT_TEAM = QX3B8ZS54S;
				INFOPLIST_FILE = QuickStatsTests/Info.plist;
				IPHONEOS_DEPLOYMENT_TARGET = 14.0;
				LD_RUNPATH_SEARCH_PATHS = (
					"$(inherited)",
					"@executable_path/Frameworks",
					"@loader_path/Frameworks",
				);
				PRODUCT_BUNDLE_IDENTIFIER = net.kungfudiscomonkey.QuickStatsTests;
				PRODUCT_NAME = "$(TARGET_NAME)";
				SWIFT_VERSION = 5.0;
				TARGETED_DEVICE_FAMILY = "1,2";
				TEST_HOST = "$(BUILT_PRODUCTS_DIR)/QuickStats.app/QuickStats";
			};
			name = Debug;
		};
		876EA74325CD6128004DF213 /* Release */ = {
			isa = XCBuildConfiguration;
			buildSettings = {
				ALWAYS_EMBED_SWIFT_STANDARD_LIBRARIES = YES;
				BUNDLE_LOADER = "$(TEST_HOST)";
				CODE_SIGN_STYLE = Automatic;
				DEVELOPMENT_TEAM = QX3B8ZS54S;
				INFOPLIST_FILE = QuickStatsTests/Info.plist;
				IPHONEOS_DEPLOYMENT_TARGET = 14.0;
				LD_RUNPATH_SEARCH_PATHS = (
					"$(inherited)",
					"@executable_path/Frameworks",
					"@loader_path/Frameworks",
				);
				PRODUCT_BUNDLE_IDENTIFIER = net.kungfudiscomonkey.QuickStatsTests;
				PRODUCT_NAME = "$(TARGET_NAME)";
				SWIFT_VERSION = 5.0;
				TARGETED_DEVICE_FAMILY = "1,2";
				TEST_HOST = "$(BUILT_PRODUCTS_DIR)/QuickStats.app/QuickStats";
			};
			name = Release;
		};
		876EA74525CD6128004DF213 /* Debug */ = {
			isa = XCBuildConfiguration;
			buildSettings = {
				ALWAYS_EMBED_SWIFT_STANDARD_LIBRARIES = YES;
				CODE_SIGN_STYLE = Automatic;
				DEVELOPMENT_TEAM = QX3B8ZS54S;
				INFOPLIST_FILE = QuickStatsUITests/Info.plist;
				LD_RUNPATH_SEARCH_PATHS = (
					"$(inherited)",
					"@executable_path/Frameworks",
					"@loader_path/Frameworks",
				);
				PRODUCT_BUNDLE_IDENTIFIER = net.kungfudiscomonkey.QuickStatsUITests;
				PRODUCT_NAME = "$(TARGET_NAME)";
				SWIFT_VERSION = 5.0;
				TARGETED_DEVICE_FAMILY = "1,2";
				TEST_TARGET_NAME = QuickStats;
			};
			name = Debug;
		};
		876EA74625CD6128004DF213 /* Release */ = {
			isa = XCBuildConfiguration;
			buildSettings = {
				ALWAYS_EMBED_SWIFT_STANDARD_LIBRARIES = YES;
				CODE_SIGN_STYLE = Automatic;
				DEVELOPMENT_TEAM = QX3B8ZS54S;
				INFOPLIST_FILE = QuickStatsUITests/Info.plist;
				LD_RUNPATH_SEARCH_PATHS = (
					"$(inherited)",
					"@executable_path/Frameworks",
					"@loader_path/Frameworks",
				);
				PRODUCT_BUNDLE_IDENTIFIER = net.kungfudiscomonkey.QuickStatsUITests;
				PRODUCT_NAME = "$(TARGET_NAME)";
				SWIFT_VERSION = 5.0;
				TARGETED_DEVICE_FAMILY = "1,2";
				TEST_TARGET_NAME = QuickStats;
			};
			name = Release;
		};
/* End XCBuildConfiguration section */

/* Begin XCConfigurationList section */
		876EA71425CD6127004DF213 /* Build configuration list for PBXProject "QuickStats" */ = {
			isa = XCConfigurationList;
			buildConfigurations = (
				876EA73C25CD6128004DF213 /* Debug */,
				876EA73D25CD6128004DF213 /* Release */,
			);
			defaultConfigurationIsVisible = 0;
			defaultConfigurationName = Release;
		};
		876EA73E25CD6128004DF213 /* Build configuration list for PBXNativeTarget "QuickStats" */ = {
			isa = XCConfigurationList;
			buildConfigurations = (
				876EA73F25CD6128004DF213 /* Debug */,
				876EA74025CD6128004DF213 /* Release */,
			);
			defaultConfigurationIsVisible = 0;
			defaultConfigurationName = Release;
		};
		876EA74125CD6128004DF213 /* Build configuration list for PBXNativeTarget "QuickStatsTests" */ = {
			isa = XCConfigurationList;
			buildConfigurations = (
				876EA74225CD6128004DF213 /* Debug */,
				876EA74325CD6128004DF213 /* Release */,
			);
			defaultConfigurationIsVisible = 0;
			defaultConfigurationName = Release;
		};
		876EA74425CD6128004DF213 /* Build configuration list for PBXNativeTarget "QuickStatsUITests" */ = {
			isa = XCConfigurationList;
			buildConfigurations = (
				876EA74525CD6128004DF213 /* Debug */,
				876EA74625CD6128004DF213 /* Release */,
			);
			defaultConfigurationIsVisible = 0;
			defaultConfigurationName = Release;
		};
/* End XCConfigurationList section */

/* Begin XCRemoteSwiftPackageReference section */
		8701B24625CE72CF0098196B /* XCRemoteSwiftPackageReference "ChartView" */ = {
			isa = XCRemoteSwiftPackageReference;
			repositoryURL = "https://github.com/kfdm/ChartView";
			requirement = {
				branch = TimelineView;
				kind = branch;
			};
		};
		873C524B25CD6D4200B2F70E /* XCRemoteSwiftPackageReference "KeychainAccess" */ = {
			isa = XCRemoteSwiftPackageReference;
			repositoryURL = "https://github.com/kishikawakatsumi/KeychainAccess";
			requirement = {
				kind = upToNextMajorVersion;
				minimumVersion = 4.2.1;
			};
		};
/* End XCRemoteSwiftPackageReference section */

/* Begin XCSwiftPackageProductDependency section */
		8701B24725CE72CF0098196B /* SwiftUICharts */ = {
			isa = XCSwiftPackageProductDependency;
			package = 8701B24625CE72CF0098196B /* XCRemoteSwiftPackageReference "ChartView" */;
			productName = SwiftUICharts;
		};
		873C524C25CD6D4200B2F70E /* KeychainAccess */ = {
			isa = XCSwiftPackageProductDependency;
			package = 873C524B25CD6D4200B2F70E /* XCRemoteSwiftPackageReference "KeychainAccess" */;
			productName = KeychainAccess;
		};
/* End XCSwiftPackageProductDependency section */
	};
	rootObject = 876EA71125CD6127004DF213 /* Project object */;
}
